
Microsoft Visual Studio Solution File, Format Version 12.00
# Visual Studio 15
VisualStudioVersion = 15.0.26228.9
MinimumVisualStudioVersion = 10.0.40219.1
Project("{FAE04EC0-301F-11D3-BF4B-00C04F79EFBC}") = "Zabbix.API.Core", "Zabbix.API.Core\Zabbix.API.Core.csproj", "{FF36A6DF-2A58-4CA6-8D3E-28D85942E87A}"
EndProject
Project("{FAE04EC0-301F-11D3-BF4B-00C04F79EFBC}") = "Zabbix.API.Examples", "ConsoleApp1\Zabbix.API.Examples.csproj", "{76F61F48-D6B7-4EA9-9AF1-367A3D2188E4}"
EndProject
Global
	GlobalSection(SolutionConfigurationPlatforms) = preSolution
		Debug|Any CPU = Debug|Any CPU
		Release|Any CPU = Release|Any CPU
	EndGlobalSection
	GlobalSection(ProjectConfigurationPlatforms) = postSolution
		{FF36A6DF-2A58-4CA6-8D3E-28D85942E87A}.Debug|Any CPU.ActiveCfg = Debug|Any CPU
		{FF36A6DF-2A58-4CA6-8D3E-28D85942E87A}.Debug|Any CPU.Build.0 = Debug|Any CPU
		{FF36A6DF-2A58-4CA6-8D3E-28D85942E87A}.Release|Any CPU.ActiveCfg = Release|Any CPU
		{FF36A6DF-2A58-4CA6-8D3E-28D85942E87A}.Release|Any CPU.Build.0 = Release|Any CPU
		{76F61F48-D6B7-4EA9-9AF1-367A3D2188E4}.Debug|Any CPU.ActiveCfg = Debug|Any CPU
		{76F61F48-D6B7-4EA9-9AF1-367A3D2188E4}.Debug|Any CPU.Build.0 = Debug|Any CPU
		{76F61F48-D6B7-4EA9-9AF1-367A3D2188E4}.Release|Any CPU.ActiveCfg = Release|Any CPU
		{76F61F48-D6B7-4EA9-9AF1-367A3D2188E4}.Release|Any CPU.Build.0 = Release|Any CPU
	EndGlobalSection
	GlobalSection(SolutionProperties) = preSolution
		HideSolutionNode = FALSE
	EndGlobalSection
EndGlobal
