
Microsoft Visual Studio Solution File, Format Version 12.00
# Visual Studio Version 16
VisualStudioVersion = 16.0.29009.5
MinimumVisualStudioVersion = 10.0.40219.1
Project("{9A19103F-16F7-4668-BE54-9A1E7A4F7556}") = "Zabbix.API.Core", "Zabbix.API.Core\Zabbix.API.Core.csproj", "{FFD828C4-1B61-4BCD-9286-0E9B806A7D97}"
EndProject
Project("{9A19103F-16F7-4668-BE54-9A1E7A4F7556}") = "Zabbix.API.Examples", "Zabbix.API.Examples\Zabbix.API.Examples.csproj", "{A7C069B5-2784-446C-93A5-F418E613A079}"
EndProject
Global
	GlobalSection(SolutionConfigurationPlatforms) = preSolution
		Debug|Any CPU = Debug|Any CPU
		Release|Any CPU = Release|Any CPU
	EndGlobalSection
	GlobalSection(ProjectConfigurationPlatforms) = postSolution
		{FFD828C4-1B61-4BCD-9286-0E9B806A7D97}.Debug|Any CPU.ActiveCfg = Debug|Any CPU
		{FFD828C4-1B61-4BCD-9286-0E9B806A7D97}.Debug|Any CPU.Build.0 = Debug|Any CPU
		{FFD828C4-1B61-4BCD-9286-0E9B806A7D97}.Release|Any CPU.ActiveCfg = Release|Any CPU
		{FFD828C4-1B61-4BCD-9286-0E9B806A7D97}.Release|Any CPU.Build.0 = Release|Any CPU
		{A7C069B5-2784-446C-93A5-F418E613A079}.Debug|Any CPU.ActiveCfg = Debug|Any CPU
		{A7C069B5-2784-446C-93A5-F418E613A079}.Debug|Any CPU.Build.0 = Debug|Any CPU
		{A7C069B5-2784-446C-93A5-F418E613A079}.Release|Any CPU.ActiveCfg = Release|Any CPU
		{A7C069B5-2784-446C-93A5-F418E613A079}.Release|Any CPU.Build.0 = Release|Any CPU
	EndGlobalSection
	GlobalSection(SolutionProperties) = preSolution
		HideSolutionNode = FALSE
	EndGlobalSection
	GlobalSection(ExtensibilityGlobals) = postSolution
		SolutionGuid = {E4010F5B-2783-4C65-A4C1-AF38FA020156}
	EndGlobalSection
EndGlobal
